// !$*UTF8*$!
{
	archiveVersion = 1;
	classes = {
	};
	objectVersion = 77;
	objects = {

/* Begin PBXBuildFile section */
		064FC26FCB2947330DB6AB9C /* NotchWindowController.swift in Sources */ = {isa = PBXBuildFile; fileRef = 86CD8B51EC00E834F3573BD4 /* NotchWindowController.swift */; };
		0BFC5F9CE1884CED5B68473D /* SnapTeleprompterApp.swift in Sources */ = {isa = PBXBuildFile; fileRef = 556BE0DFB9B4B7A8D10910C4 /* SnapTeleprompterApp.swift */; };
		214AE9E7B6DA8387DB5336EA /* MainView.swift in Sources */ = {isa = PBXBuildFile; fileRef = 7BED22EF2487712E9E1758A6 /* MainView.swift */; };
		65D4C39A8E56E13ADDBD2F4F /* TeleprompterViewModel.swift in Sources */ = {isa = PBXBuildFile; fileRef = 92E68B66825ECC4EC12E575C /* TeleprompterViewModel.swift */; };
		FA73D96DABDCE3538B4B80E1 /* TeleprompterOverlay.swift in Sources */ = {isa = PBXBuildFile; fileRef = 24D273D07C770AC25E174BAD /* TeleprompterOverlay.swift */; };
		AC000001AC000001AC000001 /* Assets.xcassets in Resources */ = {isa = PBXBuildFile; fileRef = AC000002AC000002AC000002 /* Assets.xcassets */; };
/* End PBXBuildFile section */

/* Begin PBXFileReference section */
		AC000002AC000002AC000002 /* Assets.xcassets */ = {isa = PBXFileReference; lastKnownFileType = folder.assetcatalog; path = Assets.xcassets; sourceTree = "<group>"; };
		24D273D07C770AC25E174BAD /* TeleprompterOverlay.swift */ = {isa = PBXFileReference; lastKnownFileType = sourcecode.swift; path = TeleprompterOverlay.swift; sourceTree = "<group>"; };
		3D11004F167D00812DF83507 /* SnapTeleprompter.app */ = {isa = PBXFileReference; explicitFileType = wrapper.application; includeInIndex = 0; path = SnapTeleprompter.app; sourceTree = BUILT_PRODUCTS_DIR; };
		556BE0DFB9B4B7A8D10910C4 /* SnapTeleprompterApp.swift */ = {isa = PBXFileReference; lastKnownFileType = sourcecode.swift; path = SnapTeleprompterApp.swift; sourceTree = "<group>"; };
		7BED22EF2487712E9E1758A6 /* MainView.swift */ = {isa = PBXFileReference; lastKnownFileType = sourcecode.swift; path = MainView.swift; sourceTree = "<group>"; };
		86CD8B51EC00E834F3573BD4 /* NotchWindowController.swift */ = {isa = PBXFileReference; lastKnownFileType = sourcecode.swift; path = NotchWindowController.swift; sourceTree = "<group>"; };
		92E68B66825ECC4EC12E575C /* TeleprompterViewModel.swift */ = {isa = PBXFileReference; lastKnownFileType = sourcecode.swift; path = TeleprompterViewModel.swift; sourceTree = "<group>"; };
/* End PBXFileReference section */

/* Begin PBXGroup section */
		301580E1B3ECE277517BCFA6 /* Products */ = {
			isa = PBXGroup;
			children = (
				3D11004F167D00812DF83507 /* SnapTeleprompter.app */,
			);
			name = Products;
			sourceTree = "<group>";
		};
		E45675A2448D63E524BD4032 = {
			isa = PBXGroup;
			children = (
				AC000002AC000002AC000002 /* Assets.xcassets */,
				FD137390B2401CADDCA11C8F /* Sources */,
				301580E1B3ECE277517BCFA6 /* Products */,
			);
			sourceTree = "<group>";
		};
		FD137390B2401CADDCA11C8F /* Sources */ = {
			isa = PBXGroup;
			children = (
				7BED22EF2487712E9E1758A6 /* MainView.swift */,
				556BE0DFB9B4B7A8D10910C4 /* SnapTeleprompterApp.swift */,
				86CD8B51EC00E834F3573BD4 /* NotchWindowController.swift */,
				24D273D07C770AC25E174BAD /* TeleprompterOverlay.swift */,
				92E68B66825ECC4EC12E575C /* TeleprompterViewModel.swift */,
			);
			path = Sources;
			sourceTree = "<group>";
		};
/* End PBXGroup section */

/* Begin PBXNativeTarget section */
		39AF725C18C3BC4AD9ED9D9C /* SnapTeleprompter */ = {
			isa = PBXNativeTarget;
			buildConfigurationList = 96BBEEA80D7F334CDB75BBDF /* Build configuration list for PBXNativeTarget "SnapTeleprompter" */;
			buildPhases = (
				AC000003AC000003AC000003 /* Resources */,
				9577E5D6A3716608D46467DB /* Sources */,
			);
			buildRules = (
			);
			dependencies = (
			);
			name = SnapTeleprompter;
			packageProductDependencies = (
			);
			productName = SnapTeleprompter;
			productReference = 3D11004F167D00812DF83507 /* SnapTeleprompter.app */;
			productType = "com.apple.product-type.application";
		};
/* End PBXNativeTarget section */

/* Begin PBXProject section */
		057BF39D063C7D7C71EB168A /* Project object */ = {
			isa = PBXProject;
			attributes = {
				BuildIndependentTargetsInParallel = YES;
				LastUpgradeCheck = 1600;
				TargetAttributes = {
					39AF725C18C3BC4AD9ED9D9C = {
						ProvisioningStyle = Automatic;
					};
				};
			};
			buildConfigurationList = 77E89E359D98818E5F87DAF6 /* Build configuration list for PBXProject "SnapTeleprompter" */;
			developmentRegion = en;
			hasScannedForEncodings = 0;
			knownRegions = (
				Base,
				en,
			);
			mainGroup = E45675A2448D63E524BD4032;
			minimizedProjectReferenceProxies = 1;
			preferredProjectObjectVersion = 77;
			productRefGroup = 301580E1B3ECE277517BCFA6 /* Products */;
			projectDirPath = "";
			projectRoot = "";
			targets = (
				39AF725C18C3BC4AD9ED9D9C /* SnapTeleprompter */,
			);
		};
/* End PBXProject section */

/* Begin PBXResourcesBuildPhase section */
		AC000003AC000003AC000003 /* Resources */ = {
			isa = PBXResourcesBuildPhase;
			buildActionMask = 2147483647;
			files = (
				AC000001AC000001AC000001 /* Assets.xcassets in Resources */,
			);
			runOnlyForDeploymentPostprocessing = 0;
		};
/* End PBXResourcesBuildPhase section */

/* Begin PBXSourcesBuildPhase section */
		9577E5D6A3716608D46467DB /* Sources */ = {
			isa = PBXSourcesBuildPhase;
			buildActionMask = 2147483647;
			files = (
				214AE9E7B6DA8387DB5336EA /* MainView.swift in Sources */,
				0BFC5F9CE1884CED5B68473D /* SnapTeleprompterApp.swift in Sources */,
				064FC26FCB2947330DB6AB9C /* NotchWindowController.swift in Sources */,
				FA73D96DABDCE3538B4B80E1 /* TeleprompterOverlay.swift in Sources */,
				65D4C39A8E56E13ADDBD2F4F /* TeleprompterViewModel.swift in Sources */,
			);
			runOnlyForDeploymentPostprocessing = 0;
		};
/* End PBXSourcesBuildPhase section */

/* Begin XCBuildConfiguration section */
		28BFF3E3242321CE432B6B0A /* Release */ = {
			isa = XCBuildConfiguration;
			buildSettings = {
				ALWAYS_SEARCH_USER_PATHS = NO;
				CLANG_ANALYZER_NONNULL = YES;
				CLANG_ANALYZER_NUMBER_OBJECT_CONVERSION = YES_AGGRESSIVE;
				CLANG_CXX_LANGUAGE_STANDARD = "gnu++14";
				CLANG_CXX_LIBRARY = "libc++";
				CLANG_ENABLE_MODULES = YES;
				CLANG_ENABLE_OBJC_ARC = YES;
				CLANG_ENABLE_OBJC_WEAK = YES;
				CLANG_WARN_BLOCK_CAPTURE_AUTORELEASING = YES;
				CLANG_WARN_BOOL_CONVERSION = YES;
				CLANG_WARN_COMMA = YES;
				CLANG_WARN_CONSTANT_CONVERSION = YES;
				CLANG_WARN_DEPRECATED_OBJC_IMPLEMENTATIONS = YES;
				CLANG_WARN_DIRECT_OBJC_ISA_USAGE = YES_ERROR;
				CLANG_WARN_DOCUMENTATION_COMMENTS = YES;
				CLANG_WARN_EMPTY_BODY = YES;
				CLANG_WARN_ENUM_CONVERSION = YES;
				CLANG_WARN_INFINITE_RECURSION = YES;
				CLANG_WARN_INT_CONVERSION = YES;
				CLANG_WARN_NON_LITERAL_NULL_CONVERSION = YES;
				CLANG_WARN_OBJC_IMPLICIT_RETAIN_SELF = YES;
				CLANG_WARN_OBJC_LITERAL_CONVERSION = YES;
				CLANG_WARN_OBJC_ROOT_CLASS = YES_ERROR;
				CLANG_WARN_QUOTED_INCLUDE_IN_FRAMEWORK_HEADER = YES;
				CLANG_WARN_RANGE_LOOP_ANALYSIS = YES;
				CLANG_WARN_STRICT_PROTOTYPES = YES;
				CLANG_WARN_SUSPICIOUS_MOVE = YES;
				CLANG_WARN_UNGUARDED_AVAILABILITY = YES_AGGRESSIVE;
				CLANG_WARN_UNREACHABLE_CODE = YES;
				CLANG_WARN__DUPLICATE_METHOD_MATCH = YES;
				COPY_PHASE_STRIP = NO;
				DEBUG_INFORMATION_FORMAT = "dwarf-with-dsym";
				ENABLE_NS_ASSERTIONS = NO;
				ENABLE_STRICT_OBJC_MSGSEND = YES;
				GCC_C_LANGUAGE_STANDARD = gnu11;
				GCC_NO_COMMON_BLOCKS = YES;
				GCC_WARN_64_TO_32_BIT_CONVERSION = YES;
				GCC_WARN_ABOUT_RETURN_TYPE = YES_ERROR;
				GCC_WARN_UNDECLARED_SELECTOR = YES;
				GCC_WARN_UNINITIALIZED_AUTOS = YES_AGGRESSIVE;
				GCC_WARN_UNUSED_FUNCTION = YES;
				GCC_WARN_UNUSED_VARIABLE = YES;
				MACOSX_DEPLOYMENT_TARGET = 13.0;
				MTL_ENABLE_DEBUG_INFO = NO;
				MTL_FAST_MATH = YES;
				PRODUCT_NAME = "$(TARGET_NAME)";
				SDKROOT = macosx;
				SWIFT_COMPILATION_MODE = wholemodule;
				SWIFT_OPTIMIZATION_LEVEL = "-O";
				SWIFT_VERSION = 5.9;
			};
			name = Release;
		};
		4BC0F0315368AA73A70ED45D /* Debug */ = {
			isa = XCBuildConfiguration;
			buildSettings = {
				ASSETCATALOG_COMPILER_APPICON_NAME = AppIcon;
				CODE_SIGN_ENTITLEMENTS = SnapTeleprompter.entitlements;
				CODE_SIGN_STYLE = Automatic;
				COMBINE_HIDPI_IMAGES = YES;
				ENABLE_HARDENED_RUNTIME = NO;
				INFOPLIST_FILE = Info.plist;
				LD_RUNPATH_SEARCH_PATHS = (
					"$(inherited)",
					"@executable_path/../Frameworks",
				);
				PRODUCT_BUNDLE_IDENTIFIER = "com.snapavatar.snap-teleprompter";
				SDKROOT = macosx;
				SWIFT_VERSION = 5.9;
			};
			name = Debug;
		};
		E7FF2A54316F41CFDE3E6589 /* Release */ = {
			isa = XCBuildConfiguration;
			buildSettings = {
				ASSETCATALOG_COMPILER_APPICON_NAME = AppIcon;
				CODE_SIGN_ENTITLEMENTS = SnapTeleprompter.entitlements;
				CODE_SIGN_STYLE = Automatic;
				COMBINE_HIDPI_IMAGES = YES;
				ENABLE_HARDENED_RUNTIME = NO;
				INFOPLIST_FILE = Info.plist;
				LD_RUNPATH_SEARCH_PATHS = (
					"$(inherited)",
					"@executable_path/../Frameworks",
				);
				PRODUCT_BUNDLE_IDENTIFIER = "com.snapavatar.snap-teleprompter";
				SDKROOT = macosx;
				SWIFT_VERSION = 5.9;
			};
			name = Release;
		};
		FE23B641D972123C1716B09B /* Debug */ = {
			isa = XCBuildConfiguration;
			buildSettings = {
				ALWAYS_SEARCH_USER_PATHS = NO;
				CLANG_ANALYZER_NONNULL = YES;
				CLANG_ANALYZER_NUMBER_OBJECT_CONVERSION = YES_AGGRESSIVE;
				CLANG_CXX_LANGUAGE_STANDARD = "gnu++14";
				CLANG_CXX_LIBRARY = "libc++";
				CLANG_ENABLE_MODULES = YES;
				CLANG_ENABLE_OBJC_ARC = YES;
				CLANG_ENABLE_OBJC_WEAK = YES;
				CLANG_WARN_BLOCK_CAPTURE_AUTORELEASING = YES;
				CLANG_WARN_BOOL_CONVERSION = YES;
				CLANG_WARN_COMMA = YES;
				CLANG_WARN_CONSTANT_CONVERSION = YES;
				CLANG_WARN_DEPRECATED_OBJC_IMPLEMENTATIONS = YES;
				CLANG_WARN_DIRECT_OBJC_ISA_USAGE = YES_ERROR;
				CLANG_WARN_DOCUMENTATION_COMMENTS = YES;
				CLANG_WARN_EMPTY_BODY = YES;
				CLANG_WARN_ENUM_CONVERSION = YES;
				CLANG_WARN_INFINITE_RECURSION = YES;
				CLANG_WARN_INT_CONVERSION = YES;
				CLANG_WARN_NON_LITERAL_NULL_CONVERSION = YES;
				CLANG_WARN_OBJC_IMPLICIT_RETAIN_SELF = YES;
				CLANG_WARN_OBJC_LITERAL_CONVERSION = YES;
				CLANG_WARN_OBJC_ROOT_CLASS = YES_ERROR;
				CLANG_WARN_QUOTED_INCLUDE_IN_FRAMEWORK_HEADER = YES;
				CLANG_WARN_RANGE_LOOP_ANALYSIS = YES;
				CLANG_WARN_STRICT_PROTOTYPES = YES;
				CLANG_WARN_SUSPICIOUS_MOVE = YES;
				CLANG_WARN_UNGUARDED_AVAILABILITY = YES_AGGRESSIVE;
				CLANG_WARN_UNREACHABLE_CODE = YES;
				CLANG_WARN__DUPLICATE_METHOD_MATCH = YES;
				COPY_PHASE_STRIP = NO;
				DEBUG_INFORMATION_FORMAT = dwarf;
				ENABLE_STRICT_OBJC_MSGSEND = YES;
				ENABLE_TESTABILITY = YES;
				GCC_C_LANGUAGE_STANDARD = gnu11;
				GCC_DYNAMIC_NO_PIC = NO;
				GCC_NO_COMMON_BLOCKS = YES;
				GCC_OPTIMIZATION_LEVEL = 0;
				GCC_PREPROCESSOR_DEFINITIONS = (
					"$(inherited)",
					"DEBUG=1",
				);
				GCC_WARN_64_TO_32_BIT_CONVERSION = YES;
				GCC_WARN_ABOUT_RETURN_TYPE = YES_ERROR;
				GCC_WARN_UNDECLARED_SELECTOR = YES;
				GCC_WARN_UNINITIALIZED_AUTOS = YES_AGGRESSIVE;
				GCC_WARN_UNUSED_FUNCTION = YES;
				GCC_WARN_UNUSED_VARIABLE = YES;
				MACOSX_DEPLOYMENT_TARGET = 13.0;
				MTL_ENABLE_DEBUG_INFO = INCLUDE_SOURCE;
				MTL_FAST_MATH = YES;
				ONLY_ACTIVE_ARCH = YES;
				PRODUCT_NAME = "$(TARGET_NAME)";
				SDKROOT = macosx;
				SWIFT_ACTIVE_COMPILATION_CONDITIONS = DEBUG;
				SWIFT_OPTIMIZATION_LEVEL = "-Onone";
				SWIFT_VERSION = 5.9;
			};
			name = Debug;
		};
/* End XCBuildConfiguration section */

/* Begin XCConfigurationList section */
		77E89E359D98818E5F87DAF6 /* Build configuration list for PBXProject "SnapTeleprompter" */ = {
			isa = XCConfigurationList;
			buildConfigurations = (
				FE23B641D972123C1716B09B /* Debug */,
				28BFF3E3242321CE432B6B0A /* Release */,
			);
			defaultConfigurationIsVisible = 0;
			defaultConfigurationName = Debug;
		};
		96BBEEA80D7F334CDB75BBDF /* Build configuration list for PBXNativeTarget "SnapTeleprompter" */ = {
			isa = XCConfigurationList;
			buildConfigurations = (
				4BC0F0315368AA73A70ED45D /* Debug */,
				E7FF2A54316F41CFDE3E6589 /* Release */,
			);
			defaultConfigurationIsVisible = 0;
			defaultConfigurationName = Debug;
		};
/* End XCConfigurationList section */
	};
	rootObject = 057BF39D063C7D7C71EB168A /* Project object */;
}
